// !$*UTF8*$!
{
	archiveVersion = 1;
	classes = {
	};
	objectVersion = 50;
	objects = {

/* Begin PBXBuildFile section */
		D958A92A24E1AF3A00F42EAF /* main.cpp in Sources */ = {isa = PBXBuildFile; fileRef = D958A92924E1AF3A00F42EAF /* main.cpp */; };
		D958A93324E1B09900F42EAF /* SDL2.framework in Frameworks */ = {isa = PBXBuildFile; fileRef = D958A93124E1AF9100F42EAF /* SDL2.framework */; settings = {ATTRIBUTES = (Weak, ); }; };
		D958A93424E1B09900F42EAF /* SDL2.framework in Embed Frameworks */ = {isa = PBXBuildFile; fileRef = D958A93124E1AF9100F42EAF /* SDL2.framework */; settings = {ATTRIBUTES = (CodeSignOnCopy, RemoveHeadersOnCopy, ); }; };
		D9C4046224E5DA0600B71481 /* SDL2_image.framework in Frameworks */ = {isa = PBXBuildFile; fileRef = D9C4046124E5DA0600B71481 /* SDL2_image.framework */; };
		D9C4046824E613D900B71481 /* Game.cpp in Sources */ = {isa = PBXBuildFile; fileRef = D9C4046624E613D900B71481 /* Game.cpp */; };
		D9C4046C24E784D900B71481 /* Vita.cpp in Sources */ = {isa = PBXBuildFile; fileRef = D9C4046A24E784D900B71481 /* Vita.cpp */; };
		D9C4047024E78BD300B71481 /* Render.cpp in Sources */ = {isa = PBXBuildFile; fileRef = D9C4046E24E78BD300B71481 /* Render.cpp */; };
		D9C4047324E7916200B71481 /* Input.cpp in Sources */ = {isa = PBXBuildFile; fileRef = D9C4047124E7916200B71481 /* Input.cpp */; };
/* End PBXBuildFile section */

/* Begin PBXCopyFilesBuildPhase section */
		D958A92424E1AF3A00F42EAF /* CopyFiles */ = {
			isa = PBXCopyFilesBuildPhase;
			buildActionMask = 2147483647;
			dstPath = /usr/share/man/man1/;
			dstSubfolderSpec = 0;
			files = (
			);
			runOnlyForDeploymentPostprocessing = 1;
		};
		D958A93524E1B09900F42EAF /* Embed Frameworks */ = {
			isa = PBXCopyFilesBuildPhase;
			buildActionMask = 2147483647;
			dstPath = "";
			dstSubfolderSpec = 10;
			files = (
				D958A93424E1B09900F42EAF /* SDL2.framework in Embed Frameworks */,
			);
			name = "Embed Frameworks";
			runOnlyForDeploymentPostprocessing = 0;
		};
/* End PBXCopyFilesBuildPhase section */

/* Begin PBXFileReference section */
		D958A92624E1AF3A00F42EAF /* Vita */ = {isa = PBXFileReference; explicitFileType = "compiled.mach-o.executable"; includeInIndex = 0; path = Vita; sourceTree = BUILT_PRODUCTS_DIR; };
		D958A92924E1AF3A00F42EAF /* main.cpp */ = {isa = PBXFileReference; lastKnownFileType = sourcecode.cpp.cpp; path = main.cpp; sourceTree = "<group>"; };
		D958A93124E1AF9100F42EAF /* SDL2.framework */ = {isa = PBXFileReference; lastKnownFileType = wrapper.framework; name = SDL2.framework; path = ../../../../../../Library/Frameworks/SDL2.framework; sourceTree = "<group>"; };
		D958A93624E1BE5F00F42EAF /* imgui-docking */ = {isa = PBXFileReference; lastKnownFileType = folder; path = "imgui-docking"; sourceTree = "<group>"; };
		D9C4046124E5DA0600B71481 /* SDL2_image.framework */ = {isa = PBXFileReference; lastKnownFileType = wrapper.framework; name = SDL2_image.framework; path = ../../../../../../Library/Frameworks/SDL2_image.framework; sourceTree = "<group>"; };
		D9C4046624E613D900B71481 /* Game.cpp */ = {isa = PBXFileReference; lastKnownFileType = sourcecode.cpp.cpp; path = Game.cpp; sourceTree = "<group>"; };
		D9C4046724E613D900B71481 /* Game.hpp */ = {isa = PBXFileReference; lastKnownFileType = sourcecode.cpp.h; path = Game.hpp; sourceTree = "<group>"; };
		D9C4046A24E784D900B71481 /* Vita.cpp */ = {isa = PBXFileReference; lastKnownFileType = sourcecode.cpp.cpp; path = Vita.cpp; sourceTree = "<group>"; };
		D9C4046B24E784D900B71481 /* Vita.hpp */ = {isa = PBXFileReference; lastKnownFileType = sourcecode.cpp.h; path = Vita.hpp; sourceTree = "<group>"; };
		D9C4046E24E78BD300B71481 /* Render.cpp */ = {isa = PBXFileReference; lastKnownFileType = sourcecode.cpp.cpp; path = Render.cpp; sourceTree = "<group>"; };
		D9C4046F24E78BD300B71481 /* Render.hpp */ = {isa = PBXFileReference; lastKnownFileType = sourcecode.cpp.h; path = Render.hpp; sourceTree = "<group>"; };
		D9C4047124E7916200B71481 /* Input.cpp */ = {isa = PBXFileReference; lastKnownFileType = sourcecode.cpp.cpp; path = Input.cpp; sourceTree = "<group>"; };
		D9C4047224E7916200B71481 /* Input.hpp */ = {isa = PBXFileReference; lastKnownFileType = sourcecode.cpp.h; path = Input.hpp; sourceTree = "<group>"; };
/* End PBXFileReference section */

/* Begin PBXFrameworksBuildPhase section */
		D958A92324E1AF3A00F42EAF /* Frameworks */ = {
			isa = PBXFrameworksBuildPhase;
			buildActionMask = 2147483647;
			files = (
				D9C4046224E5DA0600B71481 /* SDL2_image.framework in Frameworks */,
				D958A93324E1B09900F42EAF /* SDL2.framework in Frameworks */,
			);
			runOnlyForDeploymentPostprocessing = 0;
		};
/* End PBXFrameworksBuildPhase section */

/* Begin PBXGroup section */
		D958A91D24E1AF3A00F42EAF = {
			isa = PBXGroup;
			children = (
				D958A93624E1BE5F00F42EAF /* imgui-docking */,
				D958A92824E1AF3A00F42EAF /* Vita */,
				D958A92724E1AF3A00F42EAF /* Products */,
				D958A93024E1AF9100F42EAF /* Frameworks */,
			);
			sourceTree = "<group>";
		};
		D958A92724E1AF3A00F42EAF /* Products */ = {
			isa = PBXGroup;
			children = (
				D958A92624E1AF3A00F42EAF /* Vita */,
			);
			name = Products;
			sourceTree = "<group>";
		};
		D958A92824E1AF3A00F42EAF /* Vita */ = {
			isa = PBXGroup;
			children = (
				D9C4046524E613AC00B71481 /* Game */,
				D9C4046424E6138C00B71481 /* Engine */,
			);
			path = Vita;
			sourceTree = "<group>";
		};
		D958A93024E1AF9100F42EAF /* Frameworks */ = {
			isa = PBXGroup;
			children = (
				D9C4046124E5DA0600B71481 /* SDL2_image.framework */,
				D958A93124E1AF9100F42EAF /* SDL2.framework */,
			);
			name = Frameworks;
			sourceTree = "<group>";
		};
		D9C4046424E6138C00B71481 /* Engine */ = {
			isa = PBXGroup;
			children = (
				D9C4046D24E78BC200B71481 /* Graphics */,
				D958A92924E1AF3A00F42EAF /* main.cpp */,
				D9C4046A24E784D900B71481 /* Vita.cpp */,
				D9C4046B24E784D900B71481 /* Vita.hpp */,
				D9C4047124E7916200B71481 /* Input.cpp */,
				D9C4047224E7916200B71481 /* Input.hpp */,
			);
			path = Engine;
			sourceTree = "<group>";
		};
		D9C4046524E613AC00B71481 /* Game */ = {
			isa = PBXGroup;
			children = (
				D9C4046624E613D900B71481 /* Game.cpp */,
				D9C4046724E613D900B71481 /* Game.hpp */,
			);
			path = Game;
			sourceTree = "<group>";
		};
		D9C4046D24E78BC200B71481 /* Graphics */ = {
			isa = PBXGroup;
			children = (
				D9C4046E24E78BD300B71481 /* Render.cpp */,
				D9C4046F24E78BD300B71481 /* Render.hpp */,
			);
			path = Graphics;
			sourceTree = "<group>";
		};
/* End PBXGroup section */

/* Begin PBXNativeTarget section */
		D958A92524E1AF3A00F42EAF /* Vita */ = {
			isa = PBXNativeTarget;
			buildConfigurationList = D958A92D24E1AF3A00F42EAF /* Build configuration list for PBXNativeTarget "Vita" */;
			buildPhases = (
				D958A92224E1AF3A00F42EAF /* Sources */,
				D958A92324E1AF3A00F42EAF /* Frameworks */,
				D958A92424E1AF3A00F42EAF /* CopyFiles */,
				D958A93524E1B09900F42EAF /* Embed Frameworks */,
			);
			buildRules = (
			);
			dependencies = (
			);
			name = Vita;
			productName = Vita;
			productReference = D958A92624E1AF3A00F42EAF /* Vita */;
			productType = "com.apple.product-type.tool";
		};
/* End PBXNativeTarget section */

/* Begin PBXProject section */
		D958A91E24E1AF3A00F42EAF /* Project object */ = {
			isa = PBXProject;
			attributes = {
				LastUpgradeCheck = 1160;
				ORGANIZATIONNAME = "Dan Waller";
				TargetAttributes = {
					D958A92524E1AF3A00F42EAF = {
						CreatedOnToolsVersion = 11.6;
					};
				};
			};
			buildConfigurationList = D958A92124E1AF3A00F42EAF /* Build configuration list for PBXProject "Vita" */;
			compatibilityVersion = "Xcode 9.3";
			developmentRegion = en;
			hasScannedForEncodings = 0;
			knownRegions = (
				en,
				Base,
			);
			mainGroup = D958A91D24E1AF3A00F42EAF;
			productRefGroup = D958A92724E1AF3A00F42EAF /* Products */;
			projectDirPath = "";
			projectRoot = "";
			targets = (
				D958A92524E1AF3A00F42EAF /* Vita */,
			);
		};
/* End PBXProject section */

/* Begin PBXSourcesBuildPhase section */
		D958A92224E1AF3A00F42EAF /* Sources */ = {
			isa = PBXSourcesBuildPhase;
			buildActionMask = 2147483647;
			files = (
				D9C4046C24E784D900B71481 /* Vita.cpp in Sources */,
				D958A92A24E1AF3A00F42EAF /* main.cpp in Sources */,
				D9C4046824E613D900B71481 /* Game.cpp in Sources */,
				D9C4047024E78BD300B71481 /* Render.cpp in Sources */,
				D9C4047324E7916200B71481 /* Input.cpp in Sources */,
			);
			runOnlyForDeploymentPostprocessing = 0;
		};
/* End PBXSourcesBuildPhase section */

/* Begin XCBuildConfiguration section */
		D958A92B24E1AF3A00F42EAF /* Debug */ = {
			isa = XCBuildConfiguration;
			buildSettings = {
				ALWAYS_SEARCH_USER_PATHS = NO;
				CLANG_ANALYZER_NONNULL = YES;
				CLANG_ANALYZER_NUMBER_OBJECT_CONVERSION = YES_AGGRESSIVE;
				CLANG_CXX_LANGUAGE_STANDARD = "gnu++14";
				CLANG_CXX_LIBRARY = "libc++";
				CLANG_ENABLE_MODULES = YES;
				CLANG_ENABLE_OBJC_ARC = YES;
				CLANG_ENABLE_OBJC_WEAK = YES;
				CLANG_WARN_BLOCK_CAPTURE_AUTORELEASING = YES;
				CLANG_WARN_BOOL_CONVERSION = YES;
				CLANG_WARN_COMMA = YES;
				CLANG_WARN_CONSTANT_CONVERSION = YES;
				CLANG_WARN_DEPRECATED_OBJC_IMPLEMENTATIONS = YES;
				CLANG_WARN_DIRECT_OBJC_ISA_USAGE = YES_ERROR;
				CLANG_WARN_DOCUMENTATION_COMMENTS = YES;
				CLANG_WARN_EMPTY_BODY = YES;
				CLANG_WARN_ENUM_CONVERSION = YES;
				CLANG_WARN_INFINITE_RECURSION = YES;
				CLANG_WARN_INT_CONVERSION = YES;
				CLANG_WARN_NON_LITERAL_NULL_CONVERSION = YES;
				CLANG_WARN_OBJC_IMPLICIT_RETAIN_SELF = YES;
				CLANG_WARN_OBJC_LITERAL_CONVERSION = YES;
				CLANG_WARN_OBJC_ROOT_CLASS = YES_ERROR;
				CLANG_WARN_RANGE_LOOP_ANALYSIS = YES;
				CLANG_WARN_STRICT_PROTOTYPES = YES;
				CLANG_WARN_SUSPICIOUS_MOVE = YES;
				CLANG_WARN_UNGUARDED_AVAILABILITY = YES_AGGRESSIVE;
				CLANG_WARN_UNREACHABLE_CODE = YES;
				CLANG_WARN__DUPLICATE_METHOD_MATCH = YES;
				COPY_PHASE_STRIP = NO;
				DEBUG_INFORMATION_FORMAT = dwarf;
				ENABLE_STRICT_OBJC_MSGSEND = YES;
				ENABLE_TESTABILITY = YES;
				GCC_C_LANGUAGE_STANDARD = gnu11;
				GCC_DYNAMIC_NO_PIC = NO;
				GCC_NO_COMMON_BLOCKS = YES;
				GCC_OPTIMIZATION_LEVEL = 0;
				GCC_PREPROCESSOR_DEFINITIONS = (
					"DEBUG=1",
					"$(inherited)",
				);
				GCC_WARN_64_TO_32_BIT_CONVERSION = YES;
				GCC_WARN_ABOUT_RETURN_TYPE = YES_ERROR;
				GCC_WARN_UNDECLARED_SELECTOR = YES;
				GCC_WARN_UNINITIALIZED_AUTOS = YES_AGGRESSIVE;
				GCC_WARN_UNUSED_FUNCTION = YES;
				GCC_WARN_UNUSED_VARIABLE = YES;
				MACOSX_DEPLOYMENT_TARGET = 10.15;
				MTL_ENABLE_DEBUG_INFO = INCLUDE_SOURCE;
				MTL_FAST_MATH = YES;
				ONLY_ACTIVE_ARCH = YES;
				SDKROOT = macosx;
			};
			name = Debug;
		};
		D958A92C24E1AF3A00F42EAF /* Release */ = {
			isa = XCBuildConfiguration;
			buildSettings = {
				ALWAYS_SEARCH_USER_PATHS = NO;
				CLANG_ANALYZER_NONNULL = YES;
				CLANG_ANALYZER_NUMBER_OBJECT_CONVERSION = YES_AGGRESSIVE;
				CLANG_CXX_LANGUAGE_STANDARD = "gnu++14";
				CLANG_CXX_LIBRARY = "libc++";
				CLANG_ENABLE_MODULES = YES;
				CLANG_ENABLE_OBJC_ARC = YES;
				CLANG_ENABLE_OBJC_WEAK = YES;
				CLANG_WARN_BLOCK_CAPTURE_AUTORELEASING = YES;
				CLANG_WARN_BOOL_CONVERSION = YES;
				CLANG_WARN_COMMA = YES;
				CLANG_WARN_CONSTANT_CONVERSION = YES;
				CLANG_WARN_DEPRECATED_OBJC_IMPLEMENTATIONS = YES;
				CLANG_WARN_DIRECT_OBJC_ISA_USAGE = YES_ERROR;
				CLANG_WARN_DOCUMENTATION_COMMENTS = YES;
				CLANG_WARN_EMPTY_BODY = YES;
				CLANG_WARN_ENUM_CONVERSION = YES;
				CLANG_WARN_INFINITE_RECURSION = YES;
				CLANG_WARN_INT_CONVERSION = YES;
				CLANG_WARN_NON_LITERAL_NULL_CONVERSION = YES;
				CLANG_WARN_OBJC_IMPLICIT_RETAIN_SELF = YES;
				CLANG_WARN_OBJC_LITERAL_CONVERSION = YES;
				CLANG_WARN_OBJC_ROOT_CLASS = YES_ERROR;
				CLANG_WARN_RANGE_LOOP_ANALYSIS = YES;
				CLANG_WARN_STRICT_PROTOTYPES = YES;
				CLANG_WARN_SUSPICIOUS_MOVE = YES;
				CLANG_WARN_UNGUARDED_AVAILABILITY = YES_AGGRESSIVE;
				CLANG_WARN_UNREACHABLE_CODE = YES;
				CLANG_WARN__DUPLICATE_METHOD_MATCH = YES;
				COPY_PHASE_STRIP = NO;
				DEBUG_INFORMATION_FORMAT = "dwarf-with-dsym";
				ENABLE_NS_ASSERTIONS = NO;
				ENABLE_STRICT_OBJC_MSGSEND = YES;
				GCC_C_LANGUAGE_STANDARD = gnu11;
				GCC_NO_COMMON_BLOCKS = YES;
				GCC_WARN_64_TO_32_BIT_CONVERSION = YES;
				GCC_WARN_ABOUT_RETURN_TYPE = YES_ERROR;
				GCC_WARN_UNDECLARED_SELECTOR = YES;
				GCC_WARN_UNINITIALIZED_AUTOS = YES_AGGRESSIVE;
				GCC_WARN_UNUSED_FUNCTION = YES;
				GCC_WARN_UNUSED_VARIABLE = YES;
				MACOSX_DEPLOYMENT_TARGET = 10.15;
				MTL_ENABLE_DEBUG_INFO = NO;
				MTL_FAST_MATH = YES;
				SDKROOT = macosx;
			};
			name = Release;
		};
		D958A92E24E1AF3A00F42EAF /* Debug */ = {
			isa = XCBuildConfiguration;
			buildSettings = {
				CODE_SIGN_STYLE = Automatic;
				FRAMEWORK_SEARCH_PATHS = (
					"$(inherited)",
					"$(LOCAL_LIBRARY_DIR)/Frameworks",
				);
				HEADER_SEARCH_PATHS = (
					/Library/Frameworks/SDL2_image.framework/Headers,
					/Library/Frameworks/SDL2.framework/Headers,
				);
				OTHER_LDFLAGS = (
					"-framework",
					SDL2,
				);
				PRODUCT_NAME = "$(TARGET_NAME)";
			};
			name = Debug;
		};
		D958A92F24E1AF3A00F42EAF /* Release */ = {
			isa = XCBuildConfiguration;
			buildSettings = {
				CODE_SIGN_STYLE = Automatic;
				FRAMEWORK_SEARCH_PATHS = (
					"$(inherited)",
					"$(LOCAL_LIBRARY_DIR)/Frameworks",
				);
				HEADER_SEARCH_PATHS = (
					/Library/Frameworks/SDL2_image.framework/Headers,
					/Library/Frameworks/SDL2.framework/Headers,
				);
				OTHER_LDFLAGS = (
					"-framework",
					SDL2,
				);
				PRODUCT_NAME = "$(TARGET_NAME)";
			};
			name = Release;
		};
/* End XCBuildConfiguration section */

/* Begin XCConfigurationList section */
		D958A92124E1AF3A00F42EAF /* Build configuration list for PBXProject "Vita" */ = {
			isa = XCConfigurationList;
			buildConfigurations = (
				D958A92B24E1AF3A00F42EAF /* Debug */,
				D958A92C24E1AF3A00F42EAF /* Release */,
			);
			defaultConfigurationIsVisible = 0;
			defaultConfigurationName = Release;
		};
		D958A92D24E1AF3A00F42EAF /* Build configuration list for PBXNativeTarget "Vita" */ = {
			isa = XCConfigurationList;
			buildConfigurations = (
				D958A92E24E1AF3A00F42EAF /* Debug */,
				D958A92F24E1AF3A00F42EAF /* Release */,
			);
			defaultConfigurationIsVisible = 0;
			defaultConfigurationName = Release;
		};
/* End XCConfigurationList section */
	};
	rootObject = D958A91E24E1AF3A00F42EAF /* Project object */;
}
